
Microsoft Visual Studio Solution File, Format Version 12.00
# Visual Studio Version 16
VisualStudioVersion = 16.0.29728.190
MinimumVisualStudioVersion = 10.0.40219.1
Project("{FAE04EC0-301F-11D3-BF4B-00C04F79EFBC}") = "InnovateServer", "InnovateServer.csproj", "{897E5436-AE2B-4B73-94C7-B4C9C337430A}"
EndProject
Global
	GlobalSection(SolutionConfigurationPlatforms) = preSolution
		Debug|Any CPU = Debug|Any CPU
		Release|Any CPU = Release|Any CPU
	EndGlobalSection
	GlobalSection(ProjectConfigurationPlatforms) = postSolution
		{897E5436-AE2B-4B73-94C7-B4C9C337430A}.Debug|Any CPU.ActiveCfg = Debug|Any CPU
		{897E5436-AE2B-4B73-94C7-B4C9C337430A}.Debug|Any CPU.Build.0 = Debug|Any CPU
		{897E5436-AE2B-4B73-94C7-B4C9C337430A}.Release|Any CPU.ActiveCfg = Release|Any CPU
		{897E5436-AE2B-4B73-94C7-B4C9C337430A}.Release|Any CPU.Build.0 = Release|Any CPU
	EndGlobalSection
	GlobalSection(SolutionProperties) = preSolution
		HideSolutionNode = FALSE
	EndGlobalSection
	GlobalSection(ExtensibilityGlobals) = postSolution
		SolutionGuid = {BFD1EE8E-DB8A-4E9A-8532-97F73CBEC58A}
	EndGlobalSection
EndGlobal
